// !$*UTF8*$!
{
	archiveVersion = 1;
	classes = {
	};
	objectVersion = 56;
	objects = {

/* Begin PBXBuildFile section */
		6B2DAD882A557D2B0013453F /* AddCell.swift in Sources */ = {isa = PBXBuildFile; fileRef = 6B2DAD862A557D2B0013453F /* AddCell.swift */; };
		6B2DAD892A557D2B0013453F /* AddCell.xib in Resources */ = {isa = PBXBuildFile; fileRef = 6B2DAD872A557D2B0013453F /* AddCell.xib */; };
		6B46E8E62A7A816300E4EAB6 /* EurekaConfiguration.swift in Sources */ = {isa = PBXBuildFile; fileRef = 6B46E8E22A7A816300E4EAB6 /* EurekaConfiguration.swift */; };
		6B46E8E72A7A816300E4EAB6 /* EurekaRouter.swift in Sources */ = {isa = PBXBuildFile; fileRef = 6B46E8E32A7A816300E4EAB6 /* EurekaRouter.swift */; };
		6B46E8E82A7A816300E4EAB6 /* EurekaViewController.swift in Sources */ = {isa = PBXBuildFile; fileRef = 6B46E8E42A7A816300E4EAB6 /* EurekaViewController.swift */; };
		6B46E8E92A7A816300E4EAB6 /* EurekaInteractor.swift in Sources */ = {isa = PBXBuildFile; fileRef = 6B46E8E52A7A816300E4EAB6 /* EurekaInteractor.swift */; };
		6B46E8EB2A7A816F00E4EAB6 /* EurekaModels.swift in Sources */ = {isa = PBXBuildFile; fileRef = 6B46E8EA2A7A816F00E4EAB6 /* EurekaModels.swift */; };
		6B46E8ED2A7A840000E4EAB6 /* Eureka.storyboard in Resources */ = {isa = PBXBuildFile; fileRef = 6B46E8EC2A7A840000E4EAB6 /* Eureka.storyboard */; };
		6B5B935A2A5EAC8100C56835 /* Catalog.storyboard in Resources */ = {isa = PBXBuildFile; fileRef = 6B5B93592A5EAC8100C56835 /* Catalog.storyboard */; };
		6B5B93602A5EAF9200C56835 /* CatalogConfiguration.swift in Sources */ = {isa = PBXBuildFile; fileRef = 6B5B935C2A5EAF9200C56835 /* CatalogConfiguration.swift */; };
		6B5B93612A5EAF9200C56835 /* CatalogRouter.swift in Sources */ = {isa = PBXBuildFile; fileRef = 6B5B935D2A5EAF9200C56835 /* CatalogRouter.swift */; };
		6B5B93622A5EAF9200C56835 /* CatalogViewController.swift in Sources */ = {isa = PBXBuildFile; fileRef = 6B5B935E2A5EAF9200C56835 /* CatalogViewController.swift */; };
		6B5B93632A5EAF9200C56835 /* CatalogInteractor.swift in Sources */ = {isa = PBXBuildFile; fileRef = 6B5B935F2A5EAF9200C56835 /* CatalogInteractor.swift */; };
		6B5B93662A5EB07800C56835 /* CatalogModels.swift in Sources */ = {isa = PBXBuildFile; fileRef = 6B5B93652A5EB07800C56835 /* CatalogModels.swift */; };
		6B5B936A2A5EB3DB00C56835 /* CatalogCell.swift in Sources */ = {isa = PBXBuildFile; fileRef = 6B5B93682A5EB3DB00C56835 /* CatalogCell.swift */; };
		6B5B93712A5EE13700C56835 /* CatalogDetailConfiguration.swift in Sources */ = {isa = PBXBuildFile; fileRef = 6B5B936D2A5EE13700C56835 /* CatalogDetailConfiguration.swift */; };
		6B5B93722A5EE13700C56835 /* CatalogDetailRouter.swift in Sources */ = {isa = PBXBuildFile; fileRef = 6B5B936E2A5EE13700C56835 /* CatalogDetailRouter.swift */; };
		6B5B93732A5EE13700C56835 /* CatalogDetailViewController.swift in Sources */ = {isa = PBXBuildFile; fileRef = 6B5B936F2A5EE13700C56835 /* CatalogDetailViewController.swift */; };
		6B5B93742A5EE13700C56835 /* CatalogDetailInteractor.swift in Sources */ = {isa = PBXBuildFile; fileRef = 6B5B93702A5EE13700C56835 /* CatalogDetailInteractor.swift */; };
		6B6CEE442A5419BC00935DB5 /* ContactsCell.xib in Resources */ = {isa = PBXBuildFile; fileRef = 6B6CEE432A5419BC00935DB5 /* ContactsCell.xib */; };
		6B6CEE492A541A2200935DB5 /* DetailViewConfiguration.swift in Sources */ = {isa = PBXBuildFile; fileRef = 6B6CEE452A541A2200935DB5 /* DetailViewConfiguration.swift */; };
		6B6CEE4A2A541A2200935DB5 /* DetailViewRouter.swift in Sources */ = {isa = PBXBuildFile; fileRef = 6B6CEE462A541A2200935DB5 /* DetailViewRouter.swift */; };
		6B6CEE4C2A541A2200935DB5 /* DetailViewInteractor.swift in Sources */ = {isa = PBXBuildFile; fileRef = 6B6CEE482A541A2200935DB5 /* DetailViewInteractor.swift */; };
		6B6CEE512A541AEA00935DB5 /* AddViewConfiguration.swift in Sources */ = {isa = PBXBuildFile; fileRef = 6B6CEE4D2A541AEA00935DB5 /* AddViewConfiguration.swift */; };
		6B6CEE522A541AEA00935DB5 /* AddViewRouter.swift in Sources */ = {isa = PBXBuildFile; fileRef = 6B6CEE4E2A541AEA00935DB5 /* AddViewRouter.swift */; };
		6B6CEE542A541AEA00935DB5 /* AddViewInteractor.swift in Sources */ = {isa = PBXBuildFile; fileRef = 6B6CEE502A541AEA00935DB5 /* AddViewInteractor.swift */; };
		6B7459A82A4F47BA00613299 /* AddViewController.swift in Sources */ = {isa = PBXBuildFile; fileRef = 6B7459A72A4F47BA00613299 /* AddViewController.swift */; };
		6B7459B92A50513800613299 /* DetailViewController.swift in Sources */ = {isa = PBXBuildFile; fileRef = 6B7459B82A50513800613299 /* DetailViewController.swift */; };
		6B81686C2A6EE47000CBA303 /* CatalogAddConfiguration.swift in Sources */ = {isa = PBXBuildFile; fileRef = 6B8168682A6EE47000CBA303 /* CatalogAddConfiguration.swift */; };
		6B81686D2A6EE47000CBA303 /* CatalogAddRouter.swift in Sources */ = {isa = PBXBuildFile; fileRef = 6B8168692A6EE47000CBA303 /* CatalogAddRouter.swift */; };
		6B81686E2A6EE47000CBA303 /* CatalogAddViewController.swift in Sources */ = {isa = PBXBuildFile; fileRef = 6B81686A2A6EE47000CBA303 /* CatalogAddViewController.swift */; };
		6B81686F2A6EE47000CBA303 /* CatalogAddInteractor.swift in Sources */ = {isa = PBXBuildFile; fileRef = 6B81686B2A6EE47000CBA303 /* CatalogAddInteractor.swift */; };
		6B83B4872A4ACD4A002D894B /* SwinjectAutoregistration.swift in Sources */ = {isa = PBXBuildFile; fileRef = 6B83B4862A4ACD4A002D894B /* SwinjectAutoregistration.swift */; };
		6B8475422A45953600EBA41A /* AppDelegate.swift in Sources */ = {isa = PBXBuildFile; fileRef = 6B8475412A45953600EBA41A /* AppDelegate.swift */; };
		6B8475442A45953600EBA41A /* SceneDelegate.swift in Sources */ = {isa = PBXBuildFile; fileRef = 6B8475432A45953600EBA41A /* SceneDelegate.swift */; };
		6B8475492A45953600EBA41A /* VC1.storyboard in Resources */ = {isa = PBXBuildFile; fileRef = 6B8475472A45953600EBA41A /* VC1.storyboard */; };
		6B84754B2A45953600EBA41A /* Assets.xcassets in Resources */ = {isa = PBXBuildFile; fileRef = 6B84754A2A45953600EBA41A /* Assets.xcassets */; };
		6B84754E2A45953600EBA41A /* LaunchScreen.storyboard in Resources */ = {isa = PBXBuildFile; fileRef = 6B84754C2A45953600EBA41A /* LaunchScreen.storyboard */; };
		6B8475652A45A66700EBA41A /* VC2.storyboard in Resources */ = {isa = PBXBuildFile; fileRef = 6B8475642A45A66700EBA41A /* VC2.storyboard */; };
		6B84756C2A45CA3900EBA41A /* VC1Configuration.swift in Sources */ = {isa = PBXBuildFile; fileRef = 6B8475682A45CA3900EBA41A /* VC1Configuration.swift */; };
		6B84756D2A45CA3900EBA41A /* VC1Router.swift in Sources */ = {isa = PBXBuildFile; fileRef = 6B8475692A45CA3900EBA41A /* VC1Router.swift */; };
		6B8475782A45CAA200EBA41A /* VC2Configuration.swift in Sources */ = {isa = PBXBuildFile; fileRef = 6B8475742A45CAA200EBA41A /* VC2Configuration.swift */; };
		6B8475792A45CAA200EBA41A /* VC2Router.swift in Sources */ = {isa = PBXBuildFile; fileRef = 6B8475752A45CAA200EBA41A /* VC2Router.swift */; };
		6B84757A2A45CAA200EBA41A /* VC2ViewController.swift in Sources */ = {isa = PBXBuildFile; fileRef = 6B8475762A45CAA200EBA41A /* VC2ViewController.swift */; };
		6B84757B2A45CAA200EBA41A /* VC2Interactor.swift in Sources */ = {isa = PBXBuildFile; fileRef = 6B8475772A45CAA200EBA41A /* VC2Interactor.swift */; };
		6B84757D2A45CD7500EBA41A /* VC1Interactor.swift in Sources */ = {isa = PBXBuildFile; fileRef = 6B84757C2A45CD7500EBA41A /* VC1Interactor.swift */; };
		6B84757F2A45CD9800EBA41A /* VC1ViewController.swift in Sources */ = {isa = PBXBuildFile; fileRef = 6B84757E2A45CD9800EBA41A /* VC1ViewController.swift */; };
		6B9CA9792A5C7AAB00597309 /* Localizable.strings in Resources */ = {isa = PBXBuildFile; fileRef = 6B9CA97B2A5C7AAB00597309 /* Localizable.strings */; };
		6B9CA9822A5DA42900597309 /* DetailCell1.swift in Sources */ = {isa = PBXBuildFile; fileRef = 6B9CA9802A5DA42900597309 /* DetailCell1.swift */; };
		6B9CA9832A5DA42900597309 /* DetailCell1.xib in Resources */ = {isa = PBXBuildFile; fileRef = 6B9CA9812A5DA42900597309 /* DetailCell1.xib */; };
		6B9CA9862A5DA43700597309 /* DetailCell2.swift in Sources */ = {isa = PBXBuildFile; fileRef = 6B9CA9842A5DA43700597309 /* DetailCell2.swift */; };
		6B9CA9872A5DA43700597309 /* DetailCell2.xib in Resources */ = {isa = PBXBuildFile; fileRef = 6B9CA9852A5DA43700597309 /* DetailCell2.xib */; };
		6BAE615C2A4D7DF800DB7ED6 /* ContactsModels.swift in Sources */ = {isa = PBXBuildFile; fileRef = 6BAE615B2A4D7DF800DB7ED6 /* ContactsModels.swift */; };
		6BAE61602A4D802C00DB7ED6 /* ContactsCell.swift in Sources */ = {isa = PBXBuildFile; fileRef = 6BAE615E2A4D802C00DB7ED6 /* ContactsCell.swift */; };
		6BDEE1DF2A67D5DB00F8A404 /* GoogleService-Info.plist in Resources */ = {isa = PBXBuildFile; fileRef = 6BDEE1DE2A67D5DB00F8A404 /* GoogleService-Info.plist */; };
		6BDF9D862A77B57800AD05A4 /* ClientConfiguration.swift in Sources */ = {isa = PBXBuildFile; fileRef = 6BDF9D822A77B57800AD05A4 /* ClientConfiguration.swift */; };
		6BDF9D872A77B57800AD05A4 /* ClientRouter.swift in Sources */ = {isa = PBXBuildFile; fileRef = 6BDF9D832A77B57800AD05A4 /* ClientRouter.swift */; };
		6BDF9D882A77B57800AD05A4 /* ClientViewController.swift in Sources */ = {isa = PBXBuildFile; fileRef = 6BDF9D842A77B57800AD05A4 /* ClientViewController.swift */; };
		6BDF9D892A77B57800AD05A4 /* ClientInteractor.swift in Sources */ = {isa = PBXBuildFile; fileRef = 6BDF9D852A77B57800AD05A4 /* ClientInteractor.swift */; };
		6BDF9D8B2A77B58300AD05A4 /* Client.storyboard in Resources */ = {isa = PBXBuildFile; fileRef = 6BDF9D8A2A77B58300AD05A4 /* Client.storyboard */; };
		6BDF9D8D2A77B95E00AD05A4 /* ClientModels.swift in Sources */ = {isa = PBXBuildFile; fileRef = 6BDF9D8C2A77B95E00AD05A4 /* ClientModels.swift */; };
		6BDF9D922A790C0900AD05A4 /* ClientCell.swift in Sources */ = {isa = PBXBuildFile; fileRef = 6BDF9D902A790C0900AD05A4 /* ClientCell.swift */; };
		6BDF9D932A790C0900AD05A4 /* ClientCell.xib in Resources */ = {isa = PBXBuildFile; fileRef = 6BDF9D912A790C0900AD05A4 /* ClientCell.xib */; };
		6BE03EB12A4B051000484E91 /* VC1Models.swift in Sources */ = {isa = PBXBuildFile; fileRef = 6BE03EB02A4B051000484E91 /* VC1Models.swift */; };
		6BE03EB52A4B578200484E91 /* VC2Models.swift in Sources */ = {isa = PBXBuildFile; fileRef = 6BE03EB42A4B578200484E91 /* VC2Models.swift */; };
		6BE03EBC2A4C1AB700484E91 /* VC3Configuration.swift in Sources */ = {isa = PBXBuildFile; fileRef = 6BE03EB82A4C1AB700484E91 /* VC3Configuration.swift */; };
		6BE03EBD2A4C1AB700484E91 /* VC3Router.swift in Sources */ = {isa = PBXBuildFile; fileRef = 6BE03EB92A4C1AB700484E91 /* VC3Router.swift */; };
		6BE03EBE2A4C1AB700484E91 /* VC3ViewController.swift in Sources */ = {isa = PBXBuildFile; fileRef = 6BE03EBA2A4C1AB700484E91 /* VC3ViewController.swift */; };
		6BE03EBF2A4C1AB700484E91 /* VC3Interactor.swift in Sources */ = {isa = PBXBuildFile; fileRef = 6BE03EBB2A4C1AB700484E91 /* VC3Interactor.swift */; };
		6BE03EC32A4C1ADD00484E91 /* VC3.storyboard in Resources */ = {isa = PBXBuildFile; fileRef = 6BE03EC22A4C1ADD00484E91 /* VC3.storyboard */; };
		6BE03ECD2A4C2A7800484E91 /* VC3Models.swift in Sources */ = {isa = PBXBuildFile; fileRef = 6BE03ECC2A4C2A7800484E91 /* VC3Models.swift */; };
		6BE03ED02A4C486D00484E91 /* TableViewCell.swift in Sources */ = {isa = PBXBuildFile; fileRef = 6BE03ECE2A4C486D00484E91 /* TableViewCell.swift */; };
		6BE03ED12A4C486D00484E91 /* TableViewCell.xib in Resources */ = {isa = PBXBuildFile; fileRef = 6BE03ECF2A4C486D00484E91 /* TableViewCell.xib */; };
		6BE03EDA2A4C5F2F00484E91 /* ContactsConfiguration.swift in Sources */ = {isa = PBXBuildFile; fileRef = 6BE03ED62A4C5F2F00484E91 /* ContactsConfiguration.swift */; };
		6BE03EDB2A4C5F2F00484E91 /* ContactsRouter.swift in Sources */ = {isa = PBXBuildFile; fileRef = 6BE03ED72A4C5F2F00484E91 /* ContactsRouter.swift */; };
		6BE03EDC2A4C5F2F00484E91 /* ContactsViewController.swift in Sources */ = {isa = PBXBuildFile; fileRef = 6BE03ED82A4C5F2F00484E91 /* ContactsViewController.swift */; };
		6BE03EDD2A4C5F2F00484E91 /* ContactsInteractor.swift in Sources */ = {isa = PBXBuildFile; fileRef = 6BE03ED92A4C5F2F00484E91 /* ContactsInteractor.swift */; };
		6BF086332A714D7200878067 /* Contacts.storyboard in Resources */ = {isa = PBXBuildFile; fileRef = 6BF086322A714D7200878067 /* Contacts.storyboard */; };
		6BF086362A715A7000878067 /* CatalogDetailCell.swift in Sources */ = {isa = PBXBuildFile; fileRef = 6BF086342A715A7000878067 /* CatalogDetailCell.swift */; };
		6BF086372A715A7000878067 /* CatalogDetailCell.xib in Resources */ = {isa = PBXBuildFile; fileRef = 6BF086352A715A7000878067 /* CatalogDetailCell.xib */; };
		6BF0863B2A73D54500878067 /* CatalogAddCell.swift in Sources */ = {isa = PBXBuildFile; fileRef = 6BF086392A73D54500878067 /* CatalogAddCell.swift */; };
		6BF0863C2A73D54500878067 /* CatalogAddCell.xib in Resources */ = {isa = PBXBuildFile; fileRef = 6BF0863A2A73D54500878067 /* CatalogAddCell.xib */; };
		B6690BBB6E4510450888DE14 /* Pods_Tests.framework in Frameworks */ = {isa = PBXBuildFile; fileRef = 57CAC8D4763EFB0841EACABC /* Pods_Tests.framework */; };
/* End PBXBuildFile section */

/* Begin PBXFileReference section */
		57CAC8D4763EFB0841EACABC /* Pods_Tests.framework */ = {isa = PBXFileReference; explicitFileType = wrapper.framework; includeInIndex = 0; path = Pods_Tests.framework; sourceTree = BUILT_PRODUCTS_DIR; };
		6B2DAD862A557D2B0013453F /* AddCell.swift */ = {isa = PBXFileReference; lastKnownFileType = sourcecode.swift; path = AddCell.swift; sourceTree = "<group>"; };
		6B2DAD872A557D2B0013453F /* AddCell.xib */ = {isa = PBXFileReference; lastKnownFileType = file.xib; path = AddCell.xib; sourceTree = "<group>"; };
		6B46E8E22A7A816300E4EAB6 /* EurekaConfiguration.swift */ = {isa = PBXFileReference; lastKnownFileType = sourcecode.swift; path = EurekaConfiguration.swift; sourceTree = "<group>"; };
		6B46E8E32A7A816300E4EAB6 /* EurekaRouter.swift */ = {isa = PBXFileReference; lastKnownFileType = sourcecode.swift; path = EurekaRouter.swift; sourceTree = "<group>"; };
		6B46E8E42A7A816300E4EAB6 /* EurekaViewController.swift */ = {isa = PBXFileReference; lastKnownFileType = sourcecode.swift; path = EurekaViewController.swift; sourceTree = "<group>"; };
		6B46E8E52A7A816300E4EAB6 /* EurekaInteractor.swift */ = {isa = PBXFileReference; lastKnownFileType = sourcecode.swift; path = EurekaInteractor.swift; sourceTree = "<group>"; };
		6B46E8EA2A7A816F00E4EAB6 /* EurekaModels.swift */ = {isa = PBXFileReference; lastKnownFileType = sourcecode.swift; path = EurekaModels.swift; sourceTree = "<group>"; };
		6B46E8EC2A7A840000E4EAB6 /* Eureka.storyboard */ = {isa = PBXFileReference; lastKnownFileType = file.storyboard; path = Eureka.storyboard; sourceTree = "<group>"; };
		6B5B93592A5EAC8100C56835 /* Catalog.storyboard */ = {isa = PBXFileReference; lastKnownFileType = file.storyboard; path = Catalog.storyboard; sourceTree = "<group>"; };
		6B5B935C2A5EAF9200C56835 /* CatalogConfiguration.swift */ = {isa = PBXFileReference; lastKnownFileType = sourcecode.swift; path = CatalogConfiguration.swift; sourceTree = "<group>"; };
		6B5B935D2A5EAF9200C56835 /* CatalogRouter.swift */ = {isa = PBXFileReference; lastKnownFileType = sourcecode.swift; path = CatalogRouter.swift; sourceTree = "<group>"; };
		6B5B935E2A5EAF9200C56835 /* CatalogViewController.swift */ = {isa = PBXFileReference; lastKnownFileType = sourcecode.swift; path = CatalogViewController.swift; sourceTree = "<group>"; };
		6B5B935F2A5EAF9200C56835 /* CatalogInteractor.swift */ = {isa = PBXFileReference; lastKnownFileType = sourcecode.swift; path = CatalogInteractor.swift; sourceTree = "<group>"; };
		6B5B93652A5EB07800C56835 /* CatalogModels.swift */ = {isa = PBXFileReference; lastKnownFileType = sourcecode.swift; path = CatalogModels.swift; sourceTree = "<group>"; };
		6B5B93682A5EB3DB00C56835 /* CatalogCell.swift */ = {isa = PBXFileReference; lastKnownFileType = sourcecode.swift; path = CatalogCell.swift; sourceTree = "<group>"; };
		6B5B936D2A5EE13700C56835 /* CatalogDetailConfiguration.swift */ = {isa = PBXFileReference; lastKnownFileType = sourcecode.swift; path = CatalogDetailConfiguration.swift; sourceTree = "<group>"; };
		6B5B936E2A5EE13700C56835 /* CatalogDetailRouter.swift */ = {isa = PBXFileReference; lastKnownFileType = sourcecode.swift; path = CatalogDetailRouter.swift; sourceTree = "<group>"; };
		6B5B936F2A5EE13700C56835 /* CatalogDetailViewController.swift */ = {isa = PBXFileReference; lastKnownFileType = sourcecode.swift; path = CatalogDetailViewController.swift; sourceTree = "<group>"; };
		6B5B93702A5EE13700C56835 /* CatalogDetailInteractor.swift */ = {isa = PBXFileReference; lastKnownFileType = sourcecode.swift; path = CatalogDetailInteractor.swift; sourceTree = "<group>"; };
		6B6CEE432A5419BC00935DB5 /* ContactsCell.xib */ = {isa = PBXFileReference; fileEncoding = 4; lastKnownFileType = file.xib; path = ContactsCell.xib; sourceTree = "<group>"; };
		6B6CEE452A541A2200935DB5 /* DetailViewConfiguration.swift */ = {isa = PBXFileReference; lastKnownFileType = sourcecode.swift; path = DetailViewConfiguration.swift; sourceTree = "<group>"; };
		6B6CEE462A541A2200935DB5 /* DetailViewRouter.swift */ = {isa = PBXFileReference; lastKnownFileType = sourcecode.swift; path = DetailViewRouter.swift; sourceTree = "<group>"; };
		6B6CEE482A541A2200935DB5 /* DetailViewInteractor.swift */ = {isa = PBXFileReference; lastKnownFileType = sourcecode.swift; path = DetailViewInteractor.swift; sourceTree = "<group>"; };
		6B6CEE4D2A541AEA00935DB5 /* AddViewConfiguration.swift */ = {isa = PBXFileReference; lastKnownFileType = sourcecode.swift; path = AddViewConfiguration.swift; sourceTree = "<group>"; };
		6B6CEE4E2A541AEA00935DB5 /* AddViewRouter.swift */ = {isa = PBXFileReference; lastKnownFileType = sourcecode.swift; path = AddViewRouter.swift; sourceTree = "<group>"; };
		6B6CEE502A541AEA00935DB5 /* AddViewInteractor.swift */ = {isa = PBXFileReference; lastKnownFileType = sourcecode.swift; path = AddViewInteractor.swift; sourceTree = "<group>"; };
		6B7459A72A4F47BA00613299 /* AddViewController.swift */ = {isa = PBXFileReference; lastKnownFileType = sourcecode.swift; path = AddViewController.swift; sourceTree = "<group>"; };
		6B7459AB2A504B6300613299 /* it */ = {isa = PBXFileReference; lastKnownFileType = text.plist.strings; name = it; path = it.lproj/VC1.strings; sourceTree = "<group>"; };
		6B7459B82A50513800613299 /* DetailViewController.swift */ = {isa = PBXFileReference; lastKnownFileType = sourcecode.swift; path = DetailViewController.swift; sourceTree = "<group>"; };
		6B8168682A6EE47000CBA303 /* CatalogAddConfiguration.swift */ = {isa = PBXFileReference; lastKnownFileType = sourcecode.swift; path = CatalogAddConfiguration.swift; sourceTree = "<group>"; };
		6B8168692A6EE47000CBA303 /* CatalogAddRouter.swift */ = {isa = PBXFileReference; lastKnownFileType = sourcecode.swift; path = CatalogAddRouter.swift; sourceTree = "<group>"; };
		6B81686A2A6EE47000CBA303 /* CatalogAddViewController.swift */ = {isa = PBXFileReference; lastKnownFileType = sourcecode.swift; path = CatalogAddViewController.swift; sourceTree = "<group>"; };
		6B81686B2A6EE47000CBA303 /* CatalogAddInteractor.swift */ = {isa = PBXFileReference; lastKnownFileType = sourcecode.swift; path = CatalogAddInteractor.swift; sourceTree = "<group>"; };
		6B83B4862A4ACD4A002D894B /* SwinjectAutoregistration.swift */ = {isa = PBXFileReference; lastKnownFileType = sourcecode.swift; path = SwinjectAutoregistration.swift; sourceTree = "<group>"; };
		6B84753E2A45953600EBA41A /* Tests.app */ = {isa = PBXFileReference; explicitFileType = wrapper.application; includeInIndex = 0; path = Tests.app; sourceTree = BUILT_PRODUCTS_DIR; };
		6B8475412A45953600EBA41A /* AppDelegate.swift */ = {isa = PBXFileReference; lastKnownFileType = sourcecode.swift; path = AppDelegate.swift; sourceTree = "<group>"; };
		6B8475432A45953600EBA41A /* SceneDelegate.swift */ = {isa = PBXFileReference; lastKnownFileType = sourcecode.swift; path = SceneDelegate.swift; sourceTree = "<group>"; };
		6B8475482A45953600EBA41A /* Base */ = {isa = PBXFileReference; lastKnownFileType = file.storyboard; name = Base; path = Base.lproj/VC1.storyboard; sourceTree = "<group>"; };
		6B84754A2A45953600EBA41A /* Assets.xcassets */ = {isa = PBXFileReference; lastKnownFileType = folder.assetcatalog; path = Assets.xcassets; sourceTree = "<group>"; };
		6B84754D2A45953600EBA41A /* Base */ = {isa = PBXFileReference; lastKnownFileType = file.storyboard; name = Base; path = Base.lproj/LaunchScreen.storyboard; sourceTree = "<group>"; };
		6B84754F2A45953600EBA41A /* Info.plist */ = {isa = PBXFileReference; lastKnownFileType = text.plist.xml; path = Info.plist; sourceTree = "<group>"; };
		6B8475642A45A66700EBA41A /* VC2.storyboard */ = {isa = PBXFileReference; lastKnownFileType = file.storyboard; path = VC2.storyboard; sourceTree = "<group>"; };
		6B8475682A45CA3900EBA41A /* VC1Configuration.swift */ = {isa = PBXFileReference; lastKnownFileType = sourcecode.swift; path = VC1Configuration.swift; sourceTree = "<group>"; };
		6B8475692A45CA3900EBA41A /* VC1Router.swift */ = {isa = PBXFileReference; lastKnownFileType = sourcecode.swift; path = VC1Router.swift; sourceTree = "<group>"; };
		6B8475742A45CAA200EBA41A /* VC2Configuration.swift */ = {isa = PBXFileReference; lastKnownFileType = sourcecode.swift; path = VC2Configuration.swift; sourceTree = "<group>"; };
		6B8475752A45CAA200EBA41A /* VC2Router.swift */ = {isa = PBXFileReference; lastKnownFileType = sourcecode.swift; path = VC2Router.swift; sourceTree = "<group>"; };
		6B8475762A45CAA200EBA41A /* VC2ViewController.swift */ = {isa = PBXFileReference; lastKnownFileType = sourcecode.swift; path = VC2ViewController.swift; sourceTree = "<group>"; };
		6B8475772A45CAA200EBA41A /* VC2Interactor.swift */ = {isa = PBXFileReference; lastKnownFileType = sourcecode.swift; path = VC2Interactor.swift; sourceTree = "<group>"; };
		6B84757C2A45CD7500EBA41A /* VC1Interactor.swift */ = {isa = PBXFileReference; fileEncoding = 4; lastKnownFileType = sourcecode.swift; path = VC1Interactor.swift; sourceTree = "<group>"; };
		6B84757E2A45CD9800EBA41A /* VC1ViewController.swift */ = {isa = PBXFileReference; fileEncoding = 4; lastKnownFileType = sourcecode.swift; path = VC1ViewController.swift; sourceTree = "<group>"; };
		6B9CA97A2A5C7AAB00597309 /* en */ = {isa = PBXFileReference; lastKnownFileType = text.plist.strings; name = en; path = en.lproj/Localizable.strings; sourceTree = "<group>"; };
		6B9CA97C2A5C7AAF00597309 /* it */ = {isa = PBXFileReference; lastKnownFileType = text.plist.strings; name = it; path = it.lproj/Localizable.strings; sourceTree = "<group>"; };
		6B9CA9802A5DA42900597309 /* DetailCell1.swift */ = {isa = PBXFileReference; lastKnownFileType = sourcecode.swift; path = DetailCell1.swift; sourceTree = "<group>"; };
		6B9CA9812A5DA42900597309 /* DetailCell1.xib */ = {isa = PBXFileReference; lastKnownFileType = file.xib; path = DetailCell1.xib; sourceTree = "<group>"; };
		6B9CA9842A5DA43700597309 /* DetailCell2.swift */ = {isa = PBXFileReference; lastKnownFileType = sourcecode.swift; path = DetailCell2.swift; sourceTree = "<group>"; };
		6B9CA9852A5DA43700597309 /* DetailCell2.xib */ = {isa = PBXFileReference; lastKnownFileType = file.xib; path = DetailCell2.xib; sourceTree = "<group>"; };
		6BAE615B2A4D7DF800DB7ED6 /* ContactsModels.swift */ = {isa = PBXFileReference; lastKnownFileType = sourcecode.swift; path = ContactsModels.swift; sourceTree = "<group>"; };
		6BAE615E2A4D802C00DB7ED6 /* ContactsCell.swift */ = {isa = PBXFileReference; lastKnownFileType = sourcecode.swift; path = ContactsCell.swift; sourceTree = "<group>"; };
		6BDEE1DE2A67D5DB00F8A404 /* GoogleService-Info.plist */ = {isa = PBXFileReference; fileEncoding = 4; lastKnownFileType = text.plist.xml; path = "GoogleService-Info.plist"; sourceTree = "<group>"; };
		6BDF9D822A77B57800AD05A4 /* ClientConfiguration.swift */ = {isa = PBXFileReference; lastKnownFileType = sourcecode.swift; path = ClientConfiguration.swift; sourceTree = "<group>"; };
		6BDF9D832A77B57800AD05A4 /* ClientRouter.swift */ = {isa = PBXFileReference; lastKnownFileType = sourcecode.swift; path = ClientRouter.swift; sourceTree = "<group>"; };
		6BDF9D842A77B57800AD05A4 /* ClientViewController.swift */ = {isa = PBXFileReference; lastKnownFileType = sourcecode.swift; path = ClientViewController.swift; sourceTree = "<group>"; };
		6BDF9D852A77B57800AD05A4 /* ClientInteractor.swift */ = {isa = PBXFileReference; lastKnownFileType = sourcecode.swift; path = ClientInteractor.swift; sourceTree = "<group>"; };
		6BDF9D8A2A77B58300AD05A4 /* Client.storyboard */ = {isa = PBXFileReference; lastKnownFileType = file.storyboard; path = Client.storyboard; sourceTree = "<group>"; };
		6BDF9D8C2A77B95E00AD05A4 /* ClientModels.swift */ = {isa = PBXFileReference; lastKnownFileType = sourcecode.swift; path = ClientModels.swift; sourceTree = "<group>"; };
		6BDF9D902A790C0900AD05A4 /* ClientCell.swift */ = {isa = PBXFileReference; lastKnownFileType = sourcecode.swift; path = ClientCell.swift; sourceTree = "<group>"; };
		6BDF9D912A790C0900AD05A4 /* ClientCell.xib */ = {isa = PBXFileReference; lastKnownFileType = file.xib; path = ClientCell.xib; sourceTree = "<group>"; };
		6BE03EB02A4B051000484E91 /* VC1Models.swift */ = {isa = PBXFileReference; lastKnownFileType = sourcecode.swift; path = VC1Models.swift; sourceTree = "<group>"; };
		6BE03EB42A4B578200484E91 /* VC2Models.swift */ = {isa = PBXFileReference; lastKnownFileType = sourcecode.swift; path = VC2Models.swift; sourceTree = "<group>"; };
		6BE03EB82A4C1AB700484E91 /* VC3Configuration.swift */ = {isa = PBXFileReference; lastKnownFileType = sourcecode.swift; path = VC3Configuration.swift; sourceTree = "<group>"; };
		6BE03EB92A4C1AB700484E91 /* VC3Router.swift */ = {isa = PBXFileReference; lastKnownFileType = sourcecode.swift; path = VC3Router.swift; sourceTree = "<group>"; };
		6BE03EBA2A4C1AB700484E91 /* VC3ViewController.swift */ = {isa = PBXFileReference; lastKnownFileType = sourcecode.swift; path = VC3ViewController.swift; sourceTree = "<group>"; };
		6BE03EBB2A4C1AB700484E91 /* VC3Interactor.swift */ = {isa = PBXFileReference; lastKnownFileType = sourcecode.swift; path = VC3Interactor.swift; sourceTree = "<group>"; };
		6BE03EC22A4C1ADD00484E91 /* VC3.storyboard */ = {isa = PBXFileReference; lastKnownFileType = file.storyboard; path = VC3.storyboard; sourceTree = "<group>"; };
		6BE03ECC2A4C2A7800484E91 /* VC3Models.swift */ = {isa = PBXFileReference; lastKnownFileType = sourcecode.swift; path = VC3Models.swift; sourceTree = "<group>"; };
		6BE03ECE2A4C486D00484E91 /* TableViewCell.swift */ = {isa = PBXFileReference; lastKnownFileType = sourcecode.swift; path = TableViewCell.swift; sourceTree = "<group>"; };
		6BE03ECF2A4C486D00484E91 /* TableViewCell.xib */ = {isa = PBXFileReference; lastKnownFileType = file.xib; path = TableViewCell.xib; sourceTree = "<group>"; };
		6BE03ED62A4C5F2F00484E91 /* ContactsConfiguration.swift */ = {isa = PBXFileReference; lastKnownFileType = sourcecode.swift; path = ContactsConfiguration.swift; sourceTree = "<group>"; };
		6BE03ED72A4C5F2F00484E91 /* ContactsRouter.swift */ = {isa = PBXFileReference; lastKnownFileType = sourcecode.swift; path = ContactsRouter.swift; sourceTree = "<group>"; };
		6BE03ED82A4C5F2F00484E91 /* ContactsViewController.swift */ = {isa = PBXFileReference; lastKnownFileType = sourcecode.swift; path = ContactsViewController.swift; sourceTree = "<group>"; };
		6BE03ED92A4C5F2F00484E91 /* ContactsInteractor.swift */ = {isa = PBXFileReference; lastKnownFileType = sourcecode.swift; path = ContactsInteractor.swift; sourceTree = "<group>"; };
		6BF086322A714D7200878067 /* Contacts.storyboard */ = {isa = PBXFileReference; fileEncoding = 4; lastKnownFileType = file.storyboard; path = Contacts.storyboard; sourceTree = "<group>"; };
		6BF086342A715A7000878067 /* CatalogDetailCell.swift */ = {isa = PBXFileReference; lastKnownFileType = sourcecode.swift; path = CatalogDetailCell.swift; sourceTree = "<group>"; };
		6BF086352A715A7000878067 /* CatalogDetailCell.xib */ = {isa = PBXFileReference; lastKnownFileType = file.xib; path = CatalogDetailCell.xib; sourceTree = "<group>"; };
		6BF086392A73D54500878067 /* CatalogAddCell.swift */ = {isa = PBXFileReference; lastKnownFileType = sourcecode.swift; path = CatalogAddCell.swift; sourceTree = "<group>"; };
		6BF0863A2A73D54500878067 /* CatalogAddCell.xib */ = {isa = PBXFileReference; lastKnownFileType = file.xib; path = CatalogAddCell.xib; sourceTree = "<group>"; };
		7A48CC823088F92773FC8784 /* Pods-Tests.release.xcconfig */ = {isa = PBXFileReference; includeInIndex = 1; lastKnownFileType = text.xcconfig; name = "Pods-Tests.release.xcconfig"; path = "Target Support Files/Pods-Tests/Pods-Tests.release.xcconfig"; sourceTree = "<group>"; };
		BD644371F767BD0D3F115919 /* Pods-Tests.debug.xcconfig */ = {isa = PBXFileReference; includeInIndex = 1; lastKnownFileType = text.xcconfig; name = "Pods-Tests.debug.xcconfig"; path = "Target Support Files/Pods-Tests/Pods-Tests.debug.xcconfig"; sourceTree = "<group>"; };
/* End PBXFileReference section */

/* Begin PBXFrameworksBuildPhase section */
		6B84753B2A45953600EBA41A /* Frameworks */ = {
			isa = PBXFrameworksBuildPhase;
			buildActionMask = 2147483647;
			files = (
				B6690BBB6E4510450888DE14 /* Pods_Tests.framework in Frameworks */,
			);
			runOnlyForDeploymentPostprocessing = 0;
		};
/* End PBXFrameworksBuildPhase section */

/* Begin PBXGroup section */
		0E77F55FA571B393F2FC8EC9 /* Frameworks */ = {
			isa = PBXGroup;
			children = (
				57CAC8D4763EFB0841EACABC /* Pods_Tests.framework */,
			);
			name = Frameworks;
			sourceTree = "<group>";
		};
		51B16CC0E9C77588F6115371 /* Pods */ = {
			isa = PBXGroup;
			children = (
				BD644371F767BD0D3F115919 /* Pods-Tests.debug.xcconfig */,
				7A48CC823088F92773FC8784 /* Pods-Tests.release.xcconfig */,
			);
			path = Pods;
			sourceTree = "<group>";
		};
		6B2DAD852A557D110013453F /* AddCell */ = {
			isa = PBXGroup;
			children = (
				6B2DAD862A557D2B0013453F /* AddCell.swift */,
				6B2DAD872A557D2B0013453F /* AddCell.xib */,
			);
			path = AddCell;
			sourceTree = "<group>";
		};
		6B46E8E12A7A814B00E4EAB6 /* Eureka */ = {
			isa = PBXGroup;
			children = (
				6B46E8E22A7A816300E4EAB6 /* EurekaConfiguration.swift */,
				6B46E8E32A7A816300E4EAB6 /* EurekaRouter.swift */,
				6B46E8E42A7A816300E4EAB6 /* EurekaViewController.swift */,
				6B46E8E52A7A816300E4EAB6 /* EurekaInteractor.swift */,
				6B46E8EA2A7A816F00E4EAB6 /* EurekaModels.swift */,
				6B46E8EC2A7A840000E4EAB6 /* Eureka.storyboard */,
			);
			path = Eureka;
			sourceTree = "<group>";
		};
		6B5B93582A5EAC6A00C56835 /* Catalog */ = {
			isa = PBXGroup;
			children = (
				6B8168672A6EE45D00CBA303 /* CatalogAdd */,
				6B5B936C2A5EE12600C56835 /* CatalogDetail */,
				6B5B935B2A5EAF7E00C56835 /* Catalog */,
			);
			path = Catalog;
			sourceTree = "<group>";
		};
		6B5B935B2A5EAF7E00C56835 /* Catalog */ = {
			isa = PBXGroup;
			children = (
				6B5B93642A5EAFAC00C56835 /* Storyboard */,
				6B5B935C2A5EAF9200C56835 /* CatalogConfiguration.swift */,
				6B5B93682A5EB3DB00C56835 /* CatalogCell.swift */,
				6B5B935D2A5EAF9200C56835 /* CatalogRouter.swift */,
				6B5B935E2A5EAF9200C56835 /* CatalogViewController.swift */,
				6B5B935F2A5EAF9200C56835 /* CatalogInteractor.swift */,
				6B5B93652A5EB07800C56835 /* CatalogModels.swift */,
			);
			path = Catalog;
			sourceTree = "<group>";
		};
		6B5B93642A5EAFAC00C56835 /* Storyboard */ = {
			isa = PBXGroup;
			children = (
				6B5B93592A5EAC8100C56835 /* Catalog.storyboard */,
			);
			path = Storyboard;
			sourceTree = "<group>";
		};
		6B5B936C2A5EE12600C56835 /* CatalogDetail */ = {
			isa = PBXGroup;
			children = (
				6B5B937F2A6158F000C56835 /* Detail Cells */,
				6B5B936D2A5EE13700C56835 /* CatalogDetailConfiguration.swift */,
				6B5B936E2A5EE13700C56835 /* CatalogDetailRouter.swift */,
				6B5B936F2A5EE13700C56835 /* CatalogDetailViewController.swift */,
				6B5B93702A5EE13700C56835 /* CatalogDetailInteractor.swift */,
			);
			path = CatalogDetail;
			sourceTree = "<group>";
		};
		6B5B937F2A6158F000C56835 /* Detail Cells */ = {
			isa = PBXGroup;
			children = (
				6BF086342A715A7000878067 /* CatalogDetailCell.swift */,
				6BF086352A715A7000878067 /* CatalogDetailCell.xib */,
			);
			path = "Detail Cells";
			sourceTree = "<group>";
		};
		6B7459AD2A504B9000613299 /* LocalizationString */ = {
			isa = PBXGroup;
			children = (
				6B9CA97B2A5C7AAB00597309 /* Localizable.strings */,
			);
			path = LocalizationString;
			sourceTree = "<group>";
		};
		6B8168672A6EE45D00CBA303 /* CatalogAdd */ = {
			isa = PBXGroup;
			children = (
				6BF086382A73D53300878067 /* Add Cells */,
				6B8168682A6EE47000CBA303 /* CatalogAddConfiguration.swift */,
				6B8168692A6EE47000CBA303 /* CatalogAddRouter.swift */,
				6B81686A2A6EE47000CBA303 /* CatalogAddViewController.swift */,
				6B81686B2A6EE47000CBA303 /* CatalogAddInteractor.swift */,
			);
			path = CatalogAdd;
			sourceTree = "<group>";
		};
		6B83B4852A4ACD16002D894B /* DepencencyInjection */ = {
			isa = PBXGroup;
			children = (
				6B83B4862A4ACD4A002D894B /* SwinjectAutoregistration.swift */,
			);
			path = DepencencyInjection;
			sourceTree = "<group>";
		};
		6B8475352A45953600EBA41A = {
			isa = PBXGroup;
			children = (
				6BC9B8272A54165200D9F3CC /* OtherFunctions */,
				6B7459AD2A504B9000613299 /* LocalizationString */,
				6B8475402A45953600EBA41A /* Tests */,
				6B84753F2A45953600EBA41A /* Products */,
				51B16CC0E9C77588F6115371 /* Pods */,
				0E77F55FA571B393F2FC8EC9 /* Frameworks */,
			);
			sourceTree = "<group>";
		};
		6B84753F2A45953600EBA41A /* Products */ = {
			isa = PBXGroup;
			children = (
				6B84753E2A45953600EBA41A /* Tests.app */,
			);
			name = Products;
			sourceTree = "<group>";
		};
		6B8475402A45953600EBA41A /* Tests */ = {
			isa = PBXGroup;
			children = (
				6B83B4852A4ACD16002D894B /* DepencencyInjection */,
				6B46E8E12A7A814B00E4EAB6 /* Eureka */,
				6BDF9D812A77B55F00AD05A4 /* Client */,
				6BF086302A714C0900878067 /* Contacts */,
				6B5B93582A5EAC6A00C56835 /* Catalog */,
				6B8475412A45953600EBA41A /* AppDelegate.swift */,
				6B8475432A45953600EBA41A /* SceneDelegate.swift */,
				6B84754A2A45953600EBA41A /* Assets.xcassets */,
				6B84754C2A45953600EBA41A /* LaunchScreen.storyboard */,
				6BDEE1DE2A67D5DB00F8A404 /* GoogleService-Info.plist */,
				6B84754F2A45953600EBA41A /* Info.plist */,
			);
			path = Tests;
			sourceTree = "<group>";
		};
		6B8475702A45CA4200EBA41A /* Homepage */ = {
			isa = PBXGroup;
			children = (
				6B8475712A45CA5800EBA41A /* Storyboard */,
				6B84757C2A45CD7500EBA41A /* VC1Interactor.swift */,
				6B84757E2A45CD9800EBA41A /* VC1ViewController.swift */,
				6B8475692A45CA3900EBA41A /* VC1Router.swift */,
				6B8475682A45CA3900EBA41A /* VC1Configuration.swift */,
				6BE03EB02A4B051000484E91 /* VC1Models.swift */,
			);
			path = Homepage;
			sourceTree = "<group>";
		};
		6B8475712A45CA5800EBA41A /* Storyboard */ = {
			isa = PBXGroup;
			children = (
				6B8475472A45953600EBA41A /* VC1.storyboard */,
			);
			path = Storyboard;
			sourceTree = "<group>";
		};
		6B8475722A45CA7D00EBA41A /* Textpage */ = {
			isa = PBXGroup;
			children = (
				6B8475732A45CA8500EBA41A /* Storyboard */,
				6B8475742A45CAA200EBA41A /* VC2Configuration.swift */,
				6B8475752A45CAA200EBA41A /* VC2Router.swift */,
				6B8475762A45CAA200EBA41A /* VC2ViewController.swift */,
				6B8475772A45CAA200EBA41A /* VC2Interactor.swift */,
				6BE03EB42A4B578200484E91 /* VC2Models.swift */,
			);
			path = Textpage;
			sourceTree = "<group>";
		};
		6B8475732A45CA8500EBA41A /* Storyboard */ = {
			isa = PBXGroup;
			children = (
				6B8475642A45A66700EBA41A /* VC2.storyboard */,
			);
			path = Storyboard;
			sourceTree = "<group>";
		};
		6B9CA97D2A5DA3DF00597309 /* DetailCell1 */ = {
			isa = PBXGroup;
			children = (
				6B9CA9802A5DA42900597309 /* DetailCell1.swift */,
				6B9CA9812A5DA42900597309 /* DetailCell1.xib */,
			);
			path = DetailCell1;
			sourceTree = "<group>";
		};
		6B9CA97E2A5DA3ED00597309 /* DetailCell2 */ = {
			isa = PBXGroup;
			children = (
				6B9CA9842A5DA43700597309 /* DetailCell2.swift */,
				6B9CA9852A5DA43700597309 /* DetailCell2.xib */,
			);
			path = DetailCell2;
			sourceTree = "<group>";
		};
		6B9CA97F2A5DA3F500597309 /* DetailCell */ = {
			isa = PBXGroup;
			children = (
				6B9CA97E2A5DA3ED00597309 /* DetailCell2 */,
				6B9CA97D2A5DA3DF00597309 /* DetailCell1 */,
			);
			path = DetailCell;
			sourceTree = "<group>";
		};
		6BAE615D2A4D801400DB7ED6 /* ContactsCell */ = {
			isa = PBXGroup;
			children = (
				6B6CEE432A5419BC00935DB5 /* ContactsCell.xib */,
				6BAE615E2A4D802C00DB7ED6 /* ContactsCell.swift */,
			);
			path = ContactsCell;
			sourceTree = "<group>";
		};
		6BC9B8272A54165200D9F3CC /* OtherFunctions */ = {
			isa = PBXGroup;
			children = (
				6BE03EC02A4C1ABD00484E91 /* SimpleTableView */,
				6B8475722A45CA7D00EBA41A /* Textpage */,
				6B8475702A45CA4200EBA41A /* Homepage */,
			);
			path = OtherFunctions;
			sourceTree = "<group>";
		};
		6BC9B8282A54167500D9F3CC /* AddView */ = {
			isa = PBXGroup;
			children = (
				6B6CEE4D2A541AEA00935DB5 /* AddViewConfiguration.swift */,
				6B7459A72A4F47BA00613299 /* AddViewController.swift */,
				6B6CEE4E2A541AEA00935DB5 /* AddViewRouter.swift */,
				6B6CEE502A541AEA00935DB5 /* AddViewInteractor.swift */,
			);
			path = AddView;
			sourceTree = "<group>";
		};
		6BC9B8292A54168400D9F3CC /* DetailView */ = {
			isa = PBXGroup;
			children = (
				6B6CEE452A541A2200935DB5 /* DetailViewConfiguration.swift */,
				6B6CEE462A541A2200935DB5 /* DetailViewRouter.swift */,
				6B7459B82A50513800613299 /* DetailViewController.swift */,
				6B6CEE482A541A2200935DB5 /* DetailViewInteractor.swift */,
			);
			path = DetailView;
			sourceTree = "<group>";
		};
		6BDF9D812A77B55F00AD05A4 /* Client */ = {
			isa = PBXGroup;
			children = (
				6BDF9D942A790C1200AD05A4 /* Cells */,
				6BDF9D822A77B57800AD05A4 /* ClientConfiguration.swift */,
				6BDF9D832A77B57800AD05A4 /* ClientRouter.swift */,
				6BDF9D842A77B57800AD05A4 /* ClientViewController.swift */,
				6BDF9D852A77B57800AD05A4 /* ClientInteractor.swift */,
				6BDF9D8C2A77B95E00AD05A4 /* ClientModels.swift */,
				6BDF9D8A2A77B58300AD05A4 /* Client.storyboard */,
			);
			path = Client;
			sourceTree = "<group>";
		};
		6BDF9D942A790C1200AD05A4 /* Cells */ = {
			isa = PBXGroup;
			children = (
				6BDF9D902A790C0900AD05A4 /* ClientCell.swift */,
				6BDF9D912A790C0900AD05A4 /* ClientCell.xib */,
			);
			path = Cells;
			sourceTree = "<group>";
		};
		6BE03EC02A4C1ABD00484E91 /* SimpleTableView */ = {
			isa = PBXGroup;
			children = (
				6BE03EC12A4C1AC900484E91 /* Storyboard */,
				6BE03EB82A4C1AB700484E91 /* VC3Configuration.swift */,
				6BE03EB92A4C1AB700484E91 /* VC3Router.swift */,
				6BE03EBA2A4C1AB700484E91 /* VC3ViewController.swift */,
				6BE03EBB2A4C1AB700484E91 /* VC3Interactor.swift */,
				6BE03ECC2A4C2A7800484E91 /* VC3Models.swift */,
			);
			path = SimpleTableView;
			sourceTree = "<group>";
		};
		6BE03EC12A4C1AC900484E91 /* Storyboard */ = {
			isa = PBXGroup;
			children = (
				6BE03ED22A4C487200484E91 /* TableViewCell */,
				6BE03EC22A4C1ADD00484E91 /* VC3.storyboard */,
			);
			path = Storyboard;
			sourceTree = "<group>";
		};
		6BE03ED22A4C487200484E91 /* TableViewCell */ = {
			isa = PBXGroup;
			children = (
				6BE03ECE2A4C486D00484E91 /* TableViewCell.swift */,
				6BE03ECF2A4C486D00484E91 /* TableViewCell.xib */,
			);
			path = TableViewCell;
			sourceTree = "<group>";
		};
		6BE03ED32A4C5EFA00484E91 /* ContactsList */ = {
			isa = PBXGroup;
			children = (
				6BE03ED62A4C5F2F00484E91 /* ContactsConfiguration.swift */,
				6BE03ED72A4C5F2F00484E91 /* ContactsRouter.swift */,
				6BE03ED82A4C5F2F00484E91 /* ContactsViewController.swift */,
				6BE03ED92A4C5F2F00484E91 /* ContactsInteractor.swift */,
				6BAE615B2A4D7DF800DB7ED6 /* ContactsModels.swift */,
			);
			path = ContactsList;
			sourceTree = "<group>";
		};
		6BF086302A714C0900878067 /* Contacts */ = {
			isa = PBXGroup;
			children = (
				6BF086322A714D7200878067 /* Contacts.storyboard */,
				6BF086312A714C4A00878067 /* Cells */,
				6BC9B8292A54168400D9F3CC /* DetailView */,
				6BC9B8282A54167500D9F3CC /* AddView */,
				6BE03ED32A4C5EFA00484E91 /* ContactsList */,
			);
			path = Contacts;
			sourceTree = "<group>";
		};
		6BF086312A714C4A00878067 /* Cells */ = {
			isa = PBXGroup;
			children = (
				6B9CA97F2A5DA3F500597309 /* DetailCell */,
				6B2DAD852A557D110013453F /* AddCell */,
				6BAE615D2A4D801400DB7ED6 /* ContactsCell */,
			);
			path = Cells;
			sourceTree = "<group>";
		};
		6BF086382A73D53300878067 /* Add Cells */ = {
			isa = PBXGroup;
			children = (
				6BF086392A73D54500878067 /* CatalogAddCell.swift */,
				6BF0863A2A73D54500878067 /* CatalogAddCell.xib */,
			);
			path = "Add Cells";
			sourceTree = "<group>";
		};
/* End PBXGroup section */

/* Begin PBXNativeTarget section */
		6B84753D2A45953600EBA41A /* Tests */ = {
			isa = PBXNativeTarget;
			buildConfigurationList = 6B8475522A45953600EBA41A /* Build configuration list for PBXNativeTarget "Tests" */;
			buildPhases = (
				385E95914D269C850B2F197C /* [CP] Check Pods Manifest.lock */,
				6B84753A2A45953600EBA41A /* Sources */,
				6B84753B2A45953600EBA41A /* Frameworks */,
				6B84753C2A45953600EBA41A /* Resources */,
				77BC7D4CE45E99A245CCC07C /* [CP] Embed Pods Frameworks */,
			);
			buildRules = (
			);
			dependencies = (
			);
			name = Tests;
			productName = Tests;
			productReference = 6B84753E2A45953600EBA41A /* Tests.app */;
			productType = "com.apple.product-type.application";
		};
/* End PBXNativeTarget section */

/* Begin PBXProject section */
		6B8475362A45953600EBA41A /* Project object */ = {
			isa = PBXProject;
			attributes = {
				BuildIndependentTargetsInParallel = 1;
				LastSwiftUpdateCheck = 1430;
				LastUpgradeCheck = 1430;
				TargetAttributes = {
					6B84753D2A45953600EBA41A = {
						CreatedOnToolsVersion = 14.3.1;
					};
				};
			};
			buildConfigurationList = 6B8475392A45953600EBA41A /* Build configuration list for PBXProject "Tests" */;
			compatibilityVersion = "Xcode 14.0";
			developmentRegion = en;
			hasScannedForEncodings = 0;
			knownRegions = (
				en,
				Base,
				it,
			);
			mainGroup = 6B8475352A45953600EBA41A;
			productRefGroup = 6B84753F2A45953600EBA41A /* Products */;
			projectDirPath = "";
			projectRoot = "";
			targets = (
				6B84753D2A45953600EBA41A /* Tests */,
			);
		};
/* End PBXProject section */

/* Begin PBXResourcesBuildPhase section */
		6B84753C2A45953600EBA41A /* Resources */ = {
			isa = PBXResourcesBuildPhase;
			buildActionMask = 2147483647;
			files = (
				6B84754E2A45953600EBA41A /* LaunchScreen.storyboard in Resources */,
				6BE03ED12A4C486D00484E91 /* TableViewCell.xib in Resources */,
				6BE03EC32A4C1ADD00484E91 /* VC3.storyboard in Resources */,
				6B2DAD892A557D2B0013453F /* AddCell.xib in Resources */,
				6BDF9D8B2A77B58300AD05A4 /* Client.storyboard in Resources */,
				6B9CA9792A5C7AAB00597309 /* Localizable.strings in Resources */,
				6BF086332A714D7200878067 /* Contacts.storyboard in Resources */,
				6B8475652A45A66700EBA41A /* VC2.storyboard in Resources */,
				6BDF9D932A790C0900AD05A4 /* ClientCell.xib in Resources */,
				6BF0863C2A73D54500878067 /* CatalogAddCell.xib in Resources */,
				6BF086372A715A7000878067 /* CatalogDetailCell.xib in Resources */,
				6B6CEE442A5419BC00935DB5 /* ContactsCell.xib in Resources */,
				6B5B935A2A5EAC8100C56835 /* Catalog.storyboard in Resources */,
				6B84754B2A45953600EBA41A /* Assets.xcassets in Resources */,
				6B46E8ED2A7A840000E4EAB6 /* Eureka.storyboard in Resources */,
				6B9CA9872A5DA43700597309 /* DetailCell2.xib in Resources */,
				6B8475492A45953600EBA41A /* VC1.storyboard in Resources */,
				6B9CA9832A5DA42900597309 /* DetailCell1.xib in Resources */,
				6BDEE1DF2A67D5DB00F8A404 /* GoogleService-Info.plist in Resources */,
			);
			runOnlyForDeploymentPostprocessing = 0;
		};
/* End PBXResourcesBuildPhase section */

/* Begin PBXShellScriptBuildPhase section */
		385E95914D269C850B2F197C /* [CP] Check Pods Manifest.lock */ = {
			isa = PBXShellScriptBuildPhase;
			buildActionMask = 2147483647;
			files = (
			);
			inputFileListPaths = (
			);
			inputPaths = (
				"${PODS_PODFILE_DIR_PATH}/Podfile.lock",
				"${PODS_ROOT}/Manifest.lock",
			);
			name = "[CP] Check Pods Manifest.lock";
			outputFileListPaths = (
			);
			outputPaths = (
				"$(DERIVED_FILE_DIR)/Pods-Tests-checkManifestLockResult.txt",
			);
			runOnlyForDeploymentPostprocessing = 0;
			shellPath = /bin/sh;
			shellScript = "diff \"${PODS_PODFILE_DIR_PATH}/Podfile.lock\" \"${PODS_ROOT}/Manifest.lock\" > /dev/null\nif [ $? != 0 ] ; then\n    # print error to STDERR\n    echo \"error: The sandbox is not in sync with the Podfile.lock. Run 'pod install' or update your CocoaPods installation.\" >&2\n    exit 1\nfi\n# This output is used by Xcode 'outputs' to avoid re-running this script phase.\necho \"SUCCESS\" > \"${SCRIPT_OUTPUT_FILE_0}\"\n";
			showEnvVarsInLog = 0;
		};
		77BC7D4CE45E99A245CCC07C /* [CP] Embed Pods Frameworks */ = {
			isa = PBXShellScriptBuildPhase;
			buildActionMask = 2147483647;
			files = (
			);
			inputFileListPaths = (
				"${PODS_ROOT}/Target Support Files/Pods-Tests/Pods-Tests-frameworks-${CONFIGURATION}-input-files.xcfilelist",
			);
			name = "[CP] Embed Pods Frameworks";
			outputFileListPaths = (
				"${PODS_ROOT}/Target Support Files/Pods-Tests/Pods-Tests-frameworks-${CONFIGURATION}-output-files.xcfilelist",
			);
			runOnlyForDeploymentPostprocessing = 0;
			shellPath = /bin/sh;
			shellScript = "\"${PODS_ROOT}/Target Support Files/Pods-Tests/Pods-Tests-frameworks.sh\"\n";
			showEnvVarsInLog = 0;
		};
/* End PBXShellScriptBuildPhase section */

/* Begin PBXSourcesBuildPhase section */
		6B84753A2A45953600EBA41A /* Sources */ = {
			isa = PBXSourcesBuildPhase;
			buildActionMask = 2147483647;
			files = (
				6BE03EB52A4B578200484E91 /* VC2Models.swift in Sources */,
				6B84757A2A45CAA200EBA41A /* VC2ViewController.swift in Sources */,
				6BE03EDA2A4C5F2F00484E91 /* ContactsConfiguration.swift in Sources */,
				6BF0863B2A73D54500878067 /* CatalogAddCell.swift in Sources */,
				6BE03EBD2A4C1AB700484E91 /* VC3Router.swift in Sources */,
				6B6CEE4C2A541A2200935DB5 /* DetailViewInteractor.swift in Sources */,
				6B8475422A45953600EBA41A /* AppDelegate.swift in Sources */,
				6B46E8E72A7A816300E4EAB6 /* EurekaRouter.swift in Sources */,
				6BAE615C2A4D7DF800DB7ED6 /* ContactsModels.swift in Sources */,
				6BDF9D922A790C0900AD05A4 /* ClientCell.swift in Sources */,
				6B6CEE492A541A2200935DB5 /* DetailViewConfiguration.swift in Sources */,
				6B9CA9822A5DA42900597309 /* DetailCell1.swift in Sources */,
				6B5B936A2A5EB3DB00C56835 /* CatalogCell.swift in Sources */,
				6BDF9D8D2A77B95E00AD05A4 /* ClientModels.swift in Sources */,
				6B9CA9862A5DA43700597309 /* DetailCell2.swift in Sources */,
				6B5B93742A5EE13700C56835 /* CatalogDetailInteractor.swift in Sources */,
				6BE03ED02A4C486D00484E91 /* TableViewCell.swift in Sources */,
				6B5B93662A5EB07800C56835 /* CatalogModels.swift in Sources */,
				6BE03EBE2A4C1AB700484E91 /* VC3ViewController.swift in Sources */,
				6B5B93712A5EE13700C56835 /* CatalogDetailConfiguration.swift in Sources */,
				6B8475442A45953600EBA41A /* SceneDelegate.swift in Sources */,
				6B46E8EB2A7A816F00E4EAB6 /* EurekaModels.swift in Sources */,
				6B6CEE542A541AEA00935DB5 /* AddViewInteractor.swift in Sources */,
				6BDF9D892A77B57800AD05A4 /* ClientInteractor.swift in Sources */,
				6B2DAD882A557D2B0013453F /* AddCell.swift in Sources */,
				6B46E8E82A7A816300E4EAB6 /* EurekaViewController.swift in Sources */,
				6B5B93732A5EE13700C56835 /* CatalogDetailViewController.swift in Sources */,
				6B5B93622A5EAF9200C56835 /* CatalogViewController.swift in Sources */,
				6B81686F2A6EE47000CBA303 /* CatalogAddInteractor.swift in Sources */,
				6BDF9D882A77B57800AD05A4 /* ClientViewController.swift in Sources */,
				6B7459B92A50513800613299 /* DetailViewController.swift in Sources */,
				6BE03EBC2A4C1AB700484E91 /* VC3Configuration.swift in Sources */,
				6B84757B2A45CAA200EBA41A /* VC2Interactor.swift in Sources */,
				6BAE61602A4D802C00DB7ED6 /* ContactsCell.swift in Sources */,
				6B81686E2A6EE47000CBA303 /* CatalogAddViewController.swift in Sources */,
				6B81686D2A6EE47000CBA303 /* CatalogAddRouter.swift in Sources */,
				6B5B93722A5EE13700C56835 /* CatalogDetailRouter.swift in Sources */,
				6B8475792A45CAA200EBA41A /* VC2Router.swift in Sources */,
				6B84757F2A45CD9800EBA41A /* VC1ViewController.swift in Sources */,
				6BE03EDD2A4C5F2F00484E91 /* ContactsInteractor.swift in Sources */,
				6B84756D2A45CA3900EBA41A /* VC1Router.swift in Sources */,
				6B5B93632A5EAF9200C56835 /* CatalogInteractor.swift in Sources */,
				6B6CEE522A541AEA00935DB5 /* AddViewRouter.swift in Sources */,
				6BE03EB12A4B051000484E91 /* VC1Models.swift in Sources */,
				6B6CEE512A541AEA00935DB5 /* AddViewConfiguration.swift in Sources */,
				6B5B93612A5EAF9200C56835 /* CatalogRouter.swift in Sources */,
				6B83B4872A4ACD4A002D894B /* SwinjectAutoregistration.swift in Sources */,
				6BE03ECD2A4C2A7800484E91 /* VC3Models.swift in Sources */,
				6B46E8E92A7A816300E4EAB6 /* EurekaInteractor.swift in Sources */,
				6BF086362A715A7000878067 /* CatalogDetailCell.swift in Sources */,
				6BE03EDC2A4C5F2F00484E91 /* ContactsViewController.swift in Sources */,
				6BE03EDB2A4C5F2F00484E91 /* ContactsRouter.swift in Sources */,
				6B84756C2A45CA3900EBA41A /* VC1Configuration.swift in Sources */,
				6B8475782A45CAA200EBA41A /* VC2Configuration.swift in Sources */,
				6B6CEE4A2A541A2200935DB5 /* DetailViewRouter.swift in Sources */,
				6BDF9D862A77B57800AD05A4 /* ClientConfiguration.swift in Sources */,
				6BE03EBF2A4C1AB700484E91 /* VC3Interactor.swift in Sources */,
				6B81686C2A6EE47000CBA303 /* CatalogAddConfiguration.swift in Sources */,
				6B7459A82A4F47BA00613299 /* AddViewController.swift in Sources */,
				6B46E8E62A7A816300E4EAB6 /* EurekaConfiguration.swift in Sources */,
				6BDF9D872A77B57800AD05A4 /* ClientRouter.swift in Sources */,
				6B5B93602A5EAF9200C56835 /* CatalogConfiguration.swift in Sources */,
				6B84757D2A45CD7500EBA41A /* VC1Interactor.swift in Sources */,
			);
			runOnlyForDeploymentPostprocessing = 0;
		};
/* End PBXSourcesBuildPhase section */

/* Begin PBXVariantGroup section */
		6B8475472A45953600EBA41A /* VC1.storyboard */ = {
			isa = PBXVariantGroup;
			children = (
				6B8475482A45953600EBA41A /* Base */,
				6B7459AB2A504B6300613299 /* it */,
			);
			name = VC1.storyboard;
			sourceTree = "<group>";
		};
		6B84754C2A45953600EBA41A /* LaunchScreen.storyboard */ = {
			isa = PBXVariantGroup;
			children = (
				6B84754D2A45953600EBA41A /* Base */,
			);
			name = LaunchScreen.storyboard;
			sourceTree = "<group>";
		};
		6B9CA97B2A5C7AAB00597309 /* Localizable.strings */ = {
			isa = PBXVariantGroup;
			children = (
				6B9CA97A2A5C7AAB00597309 /* en */,
				6B9CA97C2A5C7AAF00597309 /* it */,
			);
			name = Localizable.strings;
			sourceTree = "<group>";
		};
/* End PBXVariantGroup section */

/* Begin XCBuildConfiguration section */
		6B8475502A45953600EBA41A /* Debug */ = {
			isa = XCBuildConfiguration;
			buildSettings = {
				ALWAYS_SEARCH_USER_PATHS = NO;
				CLANG_ANALYZER_LOCALIZABILITY_NONLOCALIZED = YES;
				CLANG_ANALYZER_NONNULL = YES;
				CLANG_ANALYZER_NUMBER_OBJECT_CONVERSION = YES_AGGRESSIVE;
				CLANG_CXX_LANGUAGE_STANDARD = "gnu++20";
				CLANG_ENABLE_MODULES = YES;
				CLANG_ENABLE_OBJC_ARC = YES;
				CLANG_ENABLE_OBJC_WEAK = YES;
				CLANG_WARN_BLOCK_CAPTURE_AUTORELEASING = YES;
				CLANG_WARN_BOOL_CONVERSION = YES;
				CLANG_WARN_COMMA = YES;
				CLANG_WARN_CONSTANT_CONVERSION = YES;
				CLANG_WARN_DEPRECATED_OBJC_IMPLEMENTATIONS = YES;
				CLANG_WARN_DIRECT_OBJC_ISA_USAGE = YES_ERROR;
				CLANG_WARN_DOCUMENTATION_COMMENTS = YES;
				CLANG_WARN_EMPTY_BODY = YES;
				CLANG_WARN_ENUM_CONVERSION = YES;
				CLANG_WARN_INFINITE_RECURSION = YES;
				CLANG_WARN_INT_CONVERSION = YES;
				CLANG_WARN_NON_LITERAL_NULL_CONVERSION = YES;
				CLANG_WARN_OBJC_IMPLICIT_RETAIN_SELF = YES;
				CLANG_WARN_OBJC_LITERAL_CONVERSION = YES;
				CLANG_WARN_OBJC_ROOT_CLASS = YES_ERROR;
				CLANG_WARN_QUOTED_INCLUDE_IN_FRAMEWORK_HEADER = YES;
				CLANG_WARN_RANGE_LOOP_ANALYSIS = YES;
				CLANG_WARN_STRICT_PROTOTYPES = YES;
				CLANG_WARN_SUSPICIOUS_MOVE = YES;
				CLANG_WARN_UNGUARDED_AVAILABILITY = YES_AGGRESSIVE;
				CLANG_WARN_UNREACHABLE_CODE = YES;
				CLANG_WARN__DUPLICATE_METHOD_MATCH = YES;
				COPY_PHASE_STRIP = NO;
				DEBUG_INFORMATION_FORMAT = dwarf;
				ENABLE_STRICT_OBJC_MSGSEND = YES;
				ENABLE_TESTABILITY = YES;
				GCC_C_LANGUAGE_STANDARD = gnu11;
				GCC_DYNAMIC_NO_PIC = NO;
				GCC_NO_COMMON_BLOCKS = YES;
				GCC_OPTIMIZATION_LEVEL = 0;
				GCC_PREPROCESSOR_DEFINITIONS = (
					"DEBUG=1",
					"$(inherited)",
				);
				GCC_WARN_64_TO_32_BIT_CONVERSION = YES;
				GCC_WARN_ABOUT_RETURN_TYPE = YES_ERROR;
				GCC_WARN_UNDECLARED_SELECTOR = YES;
				GCC_WARN_UNINITIALIZED_AUTOS = YES_AGGRESSIVE;
				GCC_WARN_UNUSED_FUNCTION = YES;
				GCC_WARN_UNUSED_VARIABLE = YES;
				IPHONEOS_DEPLOYMENT_TARGET = 16.4;
				MTL_ENABLE_DEBUG_INFO = INCLUDE_SOURCE;
				MTL_FAST_MATH = YES;
				ONLY_ACTIVE_ARCH = YES;
				SDKROOT = iphoneos;
				SWIFT_ACTIVE_COMPILATION_CONDITIONS = DEBUG;
				SWIFT_OPTIMIZATION_LEVEL = "-Onone";
			};
			name = Debug;
		};
		6B8475512A45953600EBA41A /* Release */ = {
			isa = XCBuildConfiguration;
			buildSettings = {
				ALWAYS_SEARCH_USER_PATHS = NO;
				CLANG_ANALYZER_LOCALIZABILITY_NONLOCALIZED = YES;
				CLANG_ANALYZER_NONNULL = YES;
				CLANG_ANALYZER_NUMBER_OBJECT_CONVERSION = YES_AGGRESSIVE;
				CLANG_CXX_LANGUAGE_STANDARD = "gnu++20";
				CLANG_ENABLE_MODULES = YES;
				CLANG_ENABLE_OBJC_ARC = YES;
				CLANG_ENABLE_OBJC_WEAK = YES;
				CLANG_WARN_BLOCK_CAPTURE_AUTORELEASING = YES;
				CLANG_WARN_BOOL_CONVERSION = YES;
				CLANG_WARN_COMMA = YES;
				CLANG_WARN_CONSTANT_CONVERSION = YES;
				CLANG_WARN_DEPRECATED_OBJC_IMPLEMENTATIONS = YES;
				CLANG_WARN_DIRECT_OBJC_ISA_USAGE = YES_ERROR;
				CLANG_WARN_DOCUMENTATION_COMMENTS = YES;
				CLANG_WARN_EMPTY_BODY = YES;
				CLANG_WARN_ENUM_CONVERSION = YES;
				CLANG_WARN_INFINITE_RECURSION = YES;
				CLANG_WARN_INT_CONVERSION = YES;
				CLANG_WARN_NON_LITERAL_NULL_CONVERSION = YES;
				CLANG_WARN_OBJC_IMPLICIT_RETAIN_SELF = YES;
				CLANG_WARN_OBJC_LITERAL_CONVERSION = YES;
				CLANG_WARN_OBJC_ROOT_CLASS = YES_ERROR;
				CLANG_WARN_QUOTED_INCLUDE_IN_FRAMEWORK_HEADER = YES;
				CLANG_WARN_RANGE_LOOP_ANALYSIS = YES;
				CLANG_WARN_STRICT_PROTOTYPES = YES;
				CLANG_WARN_SUSPICIOUS_MOVE = YES;
				CLANG_WARN_UNGUARDED_AVAILABILITY = YES_AGGRESSIVE;
				CLANG_WARN_UNREACHABLE_CODE = YES;
				CLANG_WARN__DUPLICATE_METHOD_MATCH = YES;
				COPY_PHASE_STRIP = NO;
				DEBUG_INFORMATION_FORMAT = "dwarf-with-dsym";
				ENABLE_NS_ASSERTIONS = NO;
				ENABLE_STRICT_OBJC_MSGSEND = YES;
				GCC_C_LANGUAGE_STANDARD = gnu11;
				GCC_NO_COMMON_BLOCKS = YES;
				GCC_WARN_64_TO_32_BIT_CONVERSION = YES;
				GCC_WARN_ABOUT_RETURN_TYPE = YES_ERROR;
				GCC_WARN_UNDECLARED_SELECTOR = YES;
				GCC_WARN_UNINITIALIZED_AUTOS = YES_AGGRESSIVE;
				GCC_WARN_UNUSED_FUNCTION = YES;
				GCC_WARN_UNUSED_VARIABLE = YES;
				IPHONEOS_DEPLOYMENT_TARGET = 16.4;
				MTL_ENABLE_DEBUG_INFO = NO;
				MTL_FAST_MATH = YES;
				SDKROOT = iphoneos;
				SWIFT_COMPILATION_MODE = wholemodule;
				SWIFT_OPTIMIZATION_LEVEL = "-O";
				VALIDATE_PRODUCT = YES;
			};
			name = Release;
		};
		6B8475532A45953600EBA41A /* Debug */ = {
			isa = XCBuildConfiguration;
			baseConfigurationReference = BD644371F767BD0D3F115919 /* Pods-Tests.debug.xcconfig */;
			buildSettings = {
				ASSETCATALOG_COMPILER_APPICON_NAME = AppIcon;
				ASSETCATALOG_COMPILER_GLOBAL_ACCENT_COLOR_NAME = AccentColor;
				CODE_SIGN_STYLE = Automatic;
				CURRENT_PROJECT_VERSION = 1;
				GENERATE_INFOPLIST_FILE = YES;
				INFOPLIST_FILE = Tests/Info.plist;
				INFOPLIST_KEY_UIApplicationSupportsIndirectInputEvents = YES;
				INFOPLIST_KEY_UILaunchStoryboardName = LaunchScreen;
				INFOPLIST_KEY_UIMainStoryboardFile = VC1;
				INFOPLIST_KEY_UISupportedInterfaceOrientations = UIInterfaceOrientationPortrait;
				INFOPLIST_KEY_UISupportedInterfaceOrientations_iPad = "UIInterfaceOrientationLandscapeLeft UIInterfaceOrientationLandscapeRight UIInterfaceOrientationPortrait UIInterfaceOrientationPortraitUpsideDown";
				IPHONEOS_DEPLOYMENT_TARGET = 13.0;
				LD_RUNPATH_SEARCH_PATHS = (
					"$(inherited)",
					"@executable_path/Frameworks",
				);
				MARKETING_VERSION = 1.0;
				PRODUCT_BUNDLE_IDENTIFIER = caramiad.Tests;
				PRODUCT_NAME = "$(TARGET_NAME)";
				SWIFT_EMIT_LOC_STRINGS = YES;
				SWIFT_VERSION = 5.0;
				TARGETED_DEVICE_FAMILY = "1,2";
			};
			name = Debug;
		};
		6B8475542A45953600EBA41A /* Release */ = {
			isa = XCBuildConfiguration;
			baseConfigurationReference = 7A48CC823088F92773FC8784 /* Pods-Tests.release.xcconfig */;
			buildSettings = {
				ASSETCATALOG_COMPILER_APPICON_NAME = AppIcon;
				ASSETCATALOG_COMPILER_GLOBAL_ACCENT_COLOR_NAME = AccentColor;
				CODE_SIGN_STYLE = Automatic;
				CURRENT_PROJECT_VERSION = 1;
				GENERATE_INFOPLIST_FILE = YES;
				INFOPLIST_FILE = Tests/Info.plist;
				INFOPLIST_KEY_UIApplicationSupportsIndirectInputEvents = YES;
				INFOPLIST_KEY_UILaunchStoryboardName = LaunchScreen;
				INFOPLIST_KEY_UIMainStoryboardFile = VC1;
				INFOPLIST_KEY_UISupportedInterfaceOrientations = UIInterfaceOrientationPortrait;
				INFOPLIST_KEY_UISupportedInterfaceOrientations_iPad = "UIInterfaceOrientationLandscapeLeft UIInterfaceOrientationLandscapeRight UIInterfaceOrientationPortrait UIInterfaceOrientationPortraitUpsideDown";
				IPHONEOS_DEPLOYMENT_TARGET = 13.0;
				LD_RUNPATH_SEARCH_PATHS = (
					"$(inherited)",
					"@executable_path/Frameworks",
				);
				MARKETING_VERSION = 1.0;
				PRODUCT_BUNDLE_IDENTIFIER = caramiad.Tests;
				PRODUCT_NAME = "$(TARGET_NAME)";
				SWIFT_EMIT_LOC_STRINGS = YES;
				SWIFT_VERSION = 5.0;
				TARGETED_DEVICE_FAMILY = "1,2";
			};
			name = Release;
		};
/* End XCBuildConfiguration section */

/* Begin XCConfigurationList section */
		6B8475392A45953600EBA41A /* Build configuration list for PBXProject "Tests" */ = {
			isa = XCConfigurationList;
			buildConfigurations = (
				6B8475502A45953600EBA41A /* Debug */,
				6B8475512A45953600EBA41A /* Release */,
			);
			defaultConfigurationIsVisible = 0;
			defaultConfigurationName = Release;
		};
		6B8475522A45953600EBA41A /* Build configuration list for PBXNativeTarget "Tests" */ = {
			isa = XCConfigurationList;
			buildConfigurations = (
				6B8475532A45953600EBA41A /* Debug */,
				6B8475542A45953600EBA41A /* Release */,
			);
			defaultConfigurationIsVisible = 0;
			defaultConfigurationName = Release;
		};
/* End XCConfigurationList section */
	};
	rootObject = 6B8475362A45953600EBA41A /* Project object */;
}
